
Microsoft Visual Studio Solution File, Format Version 12.00
# Visual Studio 15
VisualStudioVersion = 15.0.28307.329
MinimumVisualStudioVersion = 10.0.40219.1
Project("{FAE04EC0-301F-11D3-BF4B-00C04F79EFBC}") = "TestingDemo", "TestingDemo\TestingDemo.csproj", "{B7392129-AC4B-4880-94CE-D48E52191E70}"
EndProject
Project("{FAE04EC0-301F-11D3-BF4B-00C04F79EFBC}") = "TestingDemo.Tests", "TestingDemo.Tests\TestingDemo.Tests.csproj", "{5BDE033F-0AD5-4747-9DA2-E5E11CF772C4}"
EndProject
Global
	GlobalSection(SolutionConfigurationPlatforms) = preSolution
		Debug|Any CPU = Debug|Any CPU
		Release|Any CPU = Release|Any CPU
	EndGlobalSection
	GlobalSection(ProjectConfigurationPlatforms) = postSolution
		{B7392129-AC4B-4880-94CE-D48E52191E70}.Debug|Any CPU.ActiveCfg = Debug|Any CPU
		{B7392129-AC4B-4880-94CE-D48E52191E70}.Debug|Any CPU.Build.0 = Debug|Any CPU
		{B7392129-AC4B-4880-94CE-D48E52191E70}.Release|Any CPU.ActiveCfg = Release|Any CPU
		{B7392129-AC4B-4880-94CE-D48E52191E70}.Release|Any CPU.Build.0 = Release|Any CPU
		{5BDE033F-0AD5-4747-9DA2-E5E11CF772C4}.Debug|Any CPU.ActiveCfg = Debug|Any CPU
		{5BDE033F-0AD5-4747-9DA2-E5E11CF772C4}.Debug|Any CPU.Build.0 = Debug|Any CPU
		{5BDE033F-0AD5-4747-9DA2-E5E11CF772C4}.Release|Any CPU.ActiveCfg = Release|Any CPU
		{5BDE033F-0AD5-4747-9DA2-E5E11CF772C4}.Release|Any CPU.Build.0 = Release|Any CPU
	EndGlobalSection
	GlobalSection(SolutionProperties) = preSolution
		HideSolutionNode = FALSE
	EndGlobalSection
	GlobalSection(ExtensibilityGlobals) = postSolution
		SolutionGuid = {D4C51539-EE5B-48FB-8D50-9272368F4880}
	EndGlobalSection
EndGlobal
